// !$*UTF8*$!
{
	archiveVersion = 1;
	classes = {
	};
	objectVersion = 46;
	objects = {

/* Begin PBXBuildFile section */
		84814ADD1D796D490017DA07 /* shopItem.m in Sources */ = {isa = PBXBuildFile; fileRef = 84814ADC1D796D490017DA07 /* shopItem.m */; };
		B2017CFA1CCB0215001BD386 /* less_s@2x.png in Resources */ = {isa = PBXBuildFile; fileRef = B2017CF81CCB0215001BD386 /* less_s@2x.png */; };
		B2017CFB1CCB0215001BD386 /* plus_s@2x.png in Resources */ = {isa = PBXBuildFile; fileRef = B2017CF91CCB0215001BD386 /* plus_s@2x.png */; };
		B2017CFE1CCB0263001BD386 /* ShopCarViewController.m in Sources */ = {isa = PBXBuildFile; fileRef = B2017CFD1CCB0263001BD386 /* ShopCarViewController.m */; };
		B2017D011CCB059F001BD386 /* shopCarTableViewCell.m in Sources */ = {isa = PBXBuildFile; fileRef = B2017D001CCB059F001BD386 /* shopCarTableViewCell.m */; };
		B2017D031CCB472C001BD386 /* Media.xcassets in Resources */ = {isa = PBXBuildFile; fileRef = B2017D021CCB472C001BD386 /* Media.xcassets */; };
		B20C0BAF1CC7469E0072762C /* main.m in Sources */ = {isa = PBXBuildFile; fileRef = B20C0BAE1CC7469E0072762C /* main.m */; };
		B20C0BB21CC7469E0072762C /* AppDelegate.m in Sources */ = {isa = PBXBuildFile; fileRef = B20C0BB11CC7469E0072762C /* AppDelegate.m */; };
		B20C0BB51CC7469E0072762C /* ViewController.m in Sources */ = {isa = PBXBuildFile; fileRef = B20C0BB41CC7469E0072762C /* ViewController.m */; };
		B20C0BB81CC7469E0072762C /* Main.storyboard in Resources */ = {isa = PBXBuildFile; fileRef = B20C0BB61CC7469E0072762C /* Main.storyboard */; };
		B20C0BBA1CC7469E0072762C /* Assets.xcassets in Resources */ = {isa = PBXBuildFile; fileRef = B20C0BB91CC7469E0072762C /* Assets.xcassets */; };
		B20C0BBD1CC7469E0072762C /* LaunchScreen.storyboard in Resources */ = {isa = PBXBuildFile; fileRef = B20C0BBB1CC7469E0072762C /* LaunchScreen.storyboard */; };
		B20C0BC81CC7469E0072762C /* JavaScripetextUITests.m in Sources */ = {isa = PBXBuildFile; fileRef = B20C0BC71CC7469E0072762C /* JavaScripetextUITests.m */; };
		B20C0BD51CC756870072762C /* About.html in Resources */ = {isa = PBXBuildFile; fileRef = B20C0BD41CC756870072762C /* About.html */; };
/* End PBXBuildFile section */

/* Begin PBXContainerItemProxy section */
		B20C0BC41CC7469E0072762C /* PBXContainerItemProxy */ = {
			isa = PBXContainerItemProxy;
			containerPortal = B20C0BA21CC7469E0072762C /* Project object */;
			proxyType = 1;
			remoteGlobalIDString = B20C0BA91CC7469E0072762C;
			remoteInfo = JavaScripetext;
		};
/* End PBXContainerItemProxy section */

/* Begin PBXFileReference section */
		84814ADB1D796D490017DA07 /* shopItem.h */ = {isa = PBXFileReference; fileEncoding = 4; lastKnownFileType = sourcecode.c.h; path = shopItem.h; sourceTree = "<group>"; };
		84814ADC1D796D490017DA07 /* shopItem.m */ = {isa = PBXFileReference; fileEncoding = 4; lastKnownFileType = sourcecode.c.objc; path = shopItem.m; sourceTree = "<group>"; };
		B2017CF81CCB0215001BD386 /* less_s@2x.png */ = {isa = PBXFileReference; lastKnownFileType = image.png; path = "less_s@2x.png"; sourceTree = "<group>"; };
		B2017CF91CCB0215001BD386 /* plus_s@2x.png */ = {isa = PBXFileReference; lastKnownFileType = image.png; path = "plus_s@2x.png"; sourceTree = "<group>"; };
		B2017CFC1CCB0263001BD386 /* ShopCarViewController.h */ = {isa = PBXFileReference; fileEncoding = 4; lastKnownFileType = sourcecode.c.h; path = ShopCarViewController.h; sourceTree = "<group>"; };
		B2017CFD1CCB0263001BD386 /* ShopCarViewController.m */ = {isa = PBXFileReference; fileEncoding = 4; lastKnownFileType = sourcecode.c.objc; path = ShopCarViewController.m; sourceTree = "<group>"; };
		B2017CFF1CCB059F001BD386 /* shopCarTableViewCell.h */ = {isa = PBXFileReference; fileEncoding = 4; lastKnownFileType = sourcecode.c.h; path = shopCarTableViewCell.h; sourceTree = "<group>"; };
		B2017D001CCB059F001BD386 /* shopCarTableViewCell.m */ = {isa = PBXFileReference; fileEncoding = 4; lastKnownFileType = sourcecode.c.objc; path = shopCarTableViewCell.m; sourceTree = "<group>"; };
		B2017D021CCB472C001BD386 /* Media.xcassets */ = {isa = PBXFileReference; lastKnownFileType = folder.assetcatalog; path = Media.xcassets; sourceTree = "<group>"; };
		B20C0BAA1CC7469E0072762C /* JavaScripetext.app */ = {isa = PBXFileReference; explicitFileType = wrapper.application; includeInIndex = 0; path = JavaScripetext.app; sourceTree = BUILT_PRODUCTS_DIR; };
		B20C0BAE1CC7469E0072762C /* main.m */ = {isa = PBXFileReference; lastKnownFileType = sourcecode.c.objc; path = main.m; sourceTree = "<group>"; };
		B20C0BB01CC7469E0072762C /* AppDelegate.h */ = {isa = PBXFileReference; lastKnownFileType = sourcecode.c.h; path = AppDelegate.h; sourceTree = "<group>"; };
		B20C0BB11CC7469E0072762C /* AppDelegate.m */ = {isa = PBXFileReference; lastKnownFileType = sourcecode.c.objc; path = AppDelegate.m; sourceTree = "<group>"; };
		B20C0BB31CC7469E0072762C /* ViewController.h */ = {isa = PBXFileReference; lastKnownFileType = sourcecode.c.h; path = ViewController.h; sourceTree = "<group>"; };
		B20C0BB41CC7469E0072762C /* ViewController.m */ = {isa = PBXFileReference; lastKnownFileType = sourcecode.c.objc; path = ViewController.m; sourceTree = "<group>"; xcLanguageSpecificationIdentifier = xcode.lang.objc; };
		B20C0BB71CC7469E0072762C /* Base */ = {isa = PBXFileReference; lastKnownFileType = file.storyboard; name = Base; path = Base.lproj/Main.storyboard; sourceTree = "<group>"; };
		B20C0BB91CC7469E0072762C /* Assets.xcassets */ = {isa = PBXFileReference; lastKnownFileType = folder.assetcatalog; path = Assets.xcassets; sourceTree = "<group>"; };
		B20C0BBC1CC7469E0072762C /* Base */ = {isa = PBXFileReference; lastKnownFileType = file.storyboard; name = Base; path = Base.lproj/LaunchScreen.storyboard; sourceTree = "<group>"; };
		B20C0BBE1CC7469E0072762C /* Info.plist */ = {isa = PBXFileReference; lastKnownFileType = text.plist.xml; path = Info.plist; sourceTree = "<group>"; };
		B20C0BC31CC7469E0072762C /* JavaScripetextUITests.xctest */ = {isa = PBXFileReference; explicitFileType = wrapper.cfbundle; includeInIndex = 0; path = JavaScripetextUITests.xctest; sourceTree = BUILT_PRODUCTS_DIR; };
		B20C0BC71CC7469E0072762C /* JavaScripetextUITests.m */ = {isa = PBXFileReference; lastKnownFileType = sourcecode.c.objc; path = JavaScripetextUITests.m; sourceTree = "<group>"; };
		B20C0BC91CC7469E0072762C /* Info.plist */ = {isa = PBXFileReference; lastKnownFileType = text.plist.xml; path = Info.plist; sourceTree = "<group>"; };
		B20C0BD41CC756870072762C /* About.html */ = {isa = PBXFileReference; fileEncoding = 4; lastKnownFileType = text.html; path = About.html; sourceTree = "<group>"; };
/* End PBXFileReference section */

/* Begin PBXFrameworksBuildPhase section */
		B20C0BA71CC7469E0072762C /* Frameworks */ = {
			isa = PBXFrameworksBuildPhase;
			buildActionMask = 2147483647;
			files = (
			);
			runOnlyForDeploymentPostprocessing = 0;
		};
		B20C0BC01CC7469E0072762C /* Frameworks */ = {
			isa = PBXFrameworksBuildPhase;
			buildActionMask = 2147483647;
			files = (
			);
			runOnlyForDeploymentPostprocessing = 0;
		};
/* End PBXFrameworksBuildPhase section */

/* Begin PBXGroup section */
		B20C0BA11CC7469E0072762C = {
			isa = PBXGroup;
			children = (
				B20C0BAC1CC7469E0072762C /* JavaScripetext */,
				B20C0BC61CC7469E0072762C /* JavaScripetextUITests */,
				B20C0BAB1CC7469E0072762C /* Products */,
			);
			sourceTree = "<group>";
		};
		B20C0BAB1CC7469E0072762C /* Products */ = {
			isa = PBXGroup;
			children = (
				B20C0BAA1CC7469E0072762C /* JavaScripetext.app */,
				B20C0BC31CC7469E0072762C /* JavaScripetextUITests.xctest */,
			);
			name = Products;
			sourceTree = "<group>";
		};
		B20C0BAC1CC7469E0072762C /* JavaScripetext */ = {
			isa = PBXGroup;
			children = (
				B20C0BB01CC7469E0072762C /* AppDelegate.h */,
				B20C0BB11CC7469E0072762C /* AppDelegate.m */,
				B20C0BD41CC756870072762C /* About.html */,
				84814ADB1D796D490017DA07 /* shopItem.h */,
				84814ADC1D796D490017DA07 /* shopItem.m */,
				B20C0BB31CC7469E0072762C /* ViewController.h */,
				B20C0BB41CC7469E0072762C /* ViewController.m */,
				B2017CFC1CCB0263001BD386 /* ShopCarViewController.h */,
				B2017CFD1CCB0263001BD386 /* ShopCarViewController.m */,
				B2017CFF1CCB059F001BD386 /* shopCarTableViewCell.h */,
				B2017D001CCB059F001BD386 /* shopCarTableViewCell.m */,
				B2017D021CCB472C001BD386 /* Media.xcassets */,
				B20C0BB61CC7469E0072762C /* Main.storyboard */,
				B20C0BB91CC7469E0072762C /* Assets.xcassets */,
				B2017CF81CCB0215001BD386 /* less_s@2x.png */,
				B2017CF91CCB0215001BD386 /* plus_s@2x.png */,
				B20C0BBB1CC7469E0072762C /* LaunchScreen.storyboard */,
				B20C0BBE1CC7469E0072762C /* Info.plist */,
				B20C0BAD1CC7469E0072762C /* Supporting Files */,
			);
			path = JavaScripetext;
			sourceTree = "<group>";
		};
		B20C0BAD1CC7469E0072762C /* Supporting Files */ = {
			isa = PBXGroup;
			children = (
				B20C0BAE1CC7469E0072762C /* main.m */,
			);
			name = "Supporting Files";
			sourceTree = "<group>";
		};
		B20C0BC61CC7469E0072762C /* JavaScripetextUITests */ = {
			isa = PBXGroup;
			children = (
				B20C0BC71CC7469E0072762C /* JavaScripetextUITests.m */,
				B20C0BC91CC7469E0072762C /* Info.plist */,
			);
			path = JavaScripetextUITests;
			sourceTree = "<group>";
		};
/* End PBXGroup section */

/* Begin PBXNativeTarget section */
		B20C0BA91CC7469E0072762C /* JavaScripetext */ = {
			isa = PBXNativeTarget;
			buildConfigurationList = B20C0BCC1CC7469E0072762C /* Build configuration list for PBXNativeTarget "JavaScripetext" */;
			buildPhases = (
				B20C0BA61CC7469E0072762C /* Sources */,
				B20C0BA71CC7469E0072762C /* Frameworks */,
				B20C0BA81CC7469E0072762C /* Resources */,
			);
			buildRules = (
			);
			dependencies = (
			);
			name = JavaScripetext;
			productName = JavaScripetext;
			productReference = B20C0BAA1CC7469E0072762C /* JavaScripetext.app */;
			productType = "com.apple.product-type.application";
		};
		B20C0BC21CC7469E0072762C /* JavaScripetextUITests */ = {
			isa = PBXNativeTarget;
			buildConfigurationList = B20C0BCF1CC7469E0072762C /* Build configuration list for PBXNativeTarget "JavaScripetextUITests" */;
			buildPhases = (
				B20C0BBF1CC7469E0072762C /* Sources */,
				B20C0BC01CC7469E0072762C /* Frameworks */,
				B20C0BC11CC7469E0072762C /* Resources */,
			);
			buildRules = (
			);
			dependencies = (
				B20C0BC51CC7469E0072762C /* PBXTargetDependency */,
			);
			name = JavaScripetextUITests;
			productName = JavaScripetextUITests;
			productReference = B20C0BC31CC7469E0072762C /* JavaScripetextUITests.xctest */;
			productType = "com.apple.product-type.bundle.ui-testing";
		};
/* End PBXNativeTarget section */

/* Begin PBXProject section */
		B20C0BA21CC7469E0072762C /* Project object */ = {
			isa = PBXProject;
			attributes = {
				LastUpgradeCheck = 0720;
				ORGANIZATIONNAME = Rongheng;
				TargetAttributes = {
					B20C0BA91CC7469E0072762C = {
						CreatedOnToolsVersion = 7.2.1;
						DevelopmentTeam = 2V35457U9G;
					};
					B20C0BC21CC7469E0072762C = {
						CreatedOnToolsVersion = 7.2.1;
						DevelopmentTeam = 2V35457U9G;
						TestTargetID = B20C0BA91CC7469E0072762C;
					};
				};
			};
			buildConfigurationList = B20C0BA51CC7469E0072762C /* Build configuration list for PBXProject "JavaScripetext" */;
			compatibilityVersion = "Xcode 3.2";
			developmentRegion = English;
			hasScannedForEncodings = 0;
			knownRegions = (
				en,
				Base,
			);
			mainGroup = B20C0BA11CC7469E0072762C;
			productRefGroup = B20C0BAB1CC7469E0072762C /* Products */;
			projectDirPath = "";
			projectRoot = "";
			targets = (
				B20C0BA91CC7469E0072762C /* JavaScripetext */,
				B20C0BC21CC7469E0072762C /* JavaScripetextUITests */,
			);
		};
/* End PBXProject section */

/* Begin PBXResourcesBuildPhase section */
		B20C0BA81CC7469E0072762C /* Resources */ = {
			isa = PBXResourcesBuildPhase;
			buildActionMask = 2147483647;
			files = (
				B20C0BBD1CC7469E0072762C /* LaunchScreen.storyboard in Resources */,
				B2017CFA1CCB0215001BD386 /* less_s@2x.png in Resources */,
				B2017D031CCB472C001BD386 /* Media.xcassets in Resources */,
				B20C0BD51CC756870072762C /* About.html in Resources */,
				B20C0BBA1CC7469E0072762C /* Assets.xcassets in Resources */,
				B20C0BB81CC7469E0072762C /* Main.storyboard in Resources */,
				B2017CFB1CCB0215001BD386 /* plus_s@2x.png in Resources */,
			);
			runOnlyForDeploymentPostprocessing = 0;
		};
		B20C0BC11CC7469E0072762C /* Resources */ = {
			isa = PBXResourcesBuildPhase;
			buildActionMask = 2147483647;
			files = (
			);
			runOnlyForDeploymentPostprocessing = 0;
		};
/* End PBXResourcesBuildPhase section */

/* Begin PBXSourcesBuildPhase section */
		B20C0BA61CC7469E0072762C /* Sources */ = {
			isa = PBXSourcesBuildPhase;
			buildActionMask = 2147483647;
			files = (
				84814ADD1D796D490017DA07 /* shopItem.m in Sources */,
				B20C0BB51CC7469E0072762C /* ViewController.m in Sources */,
				B2017CFE1CCB0263001BD386 /* ShopCarViewController.m in Sources */,
				B20C0BB21CC7469E0072762C /* AppDelegate.m in Sources */,
				B20C0BAF1CC7469E0072762C /* main.m in Sources */,
				B2017D011CCB059F001BD386 /* shopCarTableViewCell.m in Sources */,
			);
			runOnlyForDeploymentPostprocessing = 0;
		};
		B20C0BBF1CC7469E0072762C /* Sources */ = {
			isa = PBXSourcesBuildPhase;
			buildActionMask = 2147483647;
			files = (
				B20C0BC81CC7469E0072762C /* JavaScripetextUITests.m in Sources */,
			);
			runOnlyForDeploymentPostprocessing = 0;
		};
/* End PBXSourcesBuildPhase section */

/* Begin PBXTargetDependency section */
		B20C0BC51CC7469E0072762C /* PBXTargetDependency */ = {
			isa = PBXTargetDependency;
			target = B20C0BA91CC7469E0072762C /* JavaScripetext */;
			targetProxy = B20C0BC41CC7469E0072762C /* PBXContainerItemProxy */;
		};
/* End PBXTargetDependency section */

/* Begin PBXVariantGroup section */
		B20C0BB61CC7469E0072762C /* Main.storyboard */ = {
			isa = PBXVariantGroup;
			children = (
				B20C0BB71CC7469E0072762C /* Base */,
			);
			name = Main.storyboard;
			sourceTree = "<group>";
		};
		B20C0BBB1CC7469E0072762C /* LaunchScreen.storyboard */ = {
			isa = PBXVariantGroup;
			children = (
				B20C0BBC1CC7469E0072762C /* Base */,
			);
			name = LaunchScreen.storyboard;
			sourceTree = "<group>";
		};
/* End PBXVariantGroup section */

/* Begin XCBuildConfiguration section */
		B20C0BCA1CC7469E0072762C /* Debug */ = {
			isa = XCBuildConfiguration;
			buildSettings = {
				ALWAYS_SEARCH_USER_PATHS = NO;
				CLANG_CXX_LANGUAGE_STANDARD = "gnu++0x";
				CLANG_CXX_LIBRARY = "libc++";
				CLANG_ENABLE_MODULES = YES;
				CLANG_ENABLE_OBJC_ARC = YES;
				CLANG_WARN_BOOL_CONVERSION = YES;
				CLANG_WARN_CONSTANT_CONVERSION = YES;
				CLANG_WARN_DIRECT_OBJC_ISA_USAGE = YES_ERROR;
				CLANG_WARN_EMPTY_BODY = YES;
				CLANG_WARN_ENUM_CONVERSION = YES;
				CLANG_WARN_INT_CONVERSION = YES;
				CLANG_WARN_OBJC_ROOT_CLASS = YES_ERROR;
				CLANG_WARN_UNREACHABLE_CODE = YES;
				CLANG_WARN__DUPLICATE_METHOD_MATCH = YES;
				"CODE_SIGN_IDENTITY[sdk=iphoneos*]" = "iPhone Developer";
				COPY_PHASE_STRIP = NO;
				DEBUG_INFORMATION_FORMAT = dwarf;
				ENABLE_STRICT_OBJC_MSGSEND = YES;
				ENABLE_TESTABILITY = YES;
				GCC_C_LANGUAGE_STANDARD = gnu99;
				GCC_DYNAMIC_NO_PIC = NO;
				GCC_NO_COMMON_BLOCKS = YES;
				GCC_OPTIMIZATION_LEVEL = 0;
				GCC_PREPROCESSOR_DEFINITIONS = (
					"DEBUG=1",
					"$(inherited)",
				);
				GCC_WARN_64_TO_32_BIT_CONVERSION = YES;
				GCC_WARN_ABOUT_RETURN_TYPE = YES_ERROR;
				GCC_WARN_UNDECLARED_SELECTOR = YES;
				GCC_WARN_UNINITIALIZED_AUTOS = YES_AGGRESSIVE;
				GCC_WARN_UNUSED_FUNCTION = YES;
				GCC_WARN_UNUSED_VARIABLE = YES;
				IPHONEOS_DEPLOYMENT_TARGET = 9.2;
				MTL_ENABLE_DEBUG_INFO = YES;
				ONLY_ACTIVE_ARCH = YES;
				SDKROOT = iphoneos;
			};
			name = Debug;
		};
		B20C0BCB1CC7469E0072762C /* Release */ = {
			isa = XCBuildConfiguration;
			buildSettings = {
				ALWAYS_SEARCH_USER_PATHS = NO;
				CLANG_CXX_LANGUAGE_STANDARD = "gnu++0x";
				CLANG_CXX_LIBRARY = "libc++";
				CLANG_ENABLE_MODULES = YES;
				CLANG_ENABLE_OBJC_ARC = YES;
				CLANG_WARN_BOOL_CONVERSION = YES;
				CLANG_WARN_CONSTANT_CONVERSION = YES;
				CLANG_WARN_DIRECT_OBJC_ISA_USAGE = YES_ERROR;
				CLANG_WARN_EMPTY_BODY = YES;
				CLANG_WARN_ENUM_CONVERSION = YES;
				CLANG_WARN_INT_CONVERSION = YES;
				CLANG_WARN_OBJC_ROOT_CLASS = YES_ERROR;
				CLANG_WARN_UNREACHABLE_CODE = YES;
				CLANG_WARN__DUPLICATE_METHOD_MATCH = YES;
				"CODE_SIGN_IDENTITY[sdk=iphoneos*]" = "iPhone Developer";
				COPY_PHASE_STRIP = NO;
				DEBUG_INFORMATION_FORMAT = "dwarf-with-dsym";
				ENABLE_NS_ASSERTIONS = NO;
				ENABLE_STRICT_OBJC_MSGSEND = YES;
				GCC_C_LANGUAGE_STANDARD = gnu99;
				GCC_NO_COMMON_BLOCKS = YES;
				GCC_WARN_64_TO_32_BIT_CONVERSION = YES;
				GCC_WARN_ABOUT_RETURN_TYPE = YES_ERROR;
				GCC_WARN_UNDECLARED_SELECTOR = YES;
				GCC_WARN_UNINITIALIZED_AUTOS = YES_AGGRESSIVE;
				GCC_WARN_UNUSED_FUNCTION = YES;
				GCC_WARN_UNUSED_VARIABLE = YES;
				IPHONEOS_DEPLOYMENT_TARGET = 9.2;
				MTL_ENABLE_DEBUG_INFO = NO;
				SDKROOT = iphoneos;
				VALIDATE_PRODUCT = YES;
			};
			name = Release;
		};
		B20C0BCD1CC7469E0072762C /* Debug */ = {
			isa = XCBuildConfiguration;
			buildSettings = {
				ASSETCATALOG_COMPILER_APPICON_NAME = AppIcon;
				INFOPLIST_FILE = JavaScripetext/Info.plist;
				LD_RUNPATH_SEARCH_PATHS = "$(inherited) @executable_path/Frameworks";
				PRODUCT_BUNDLE_IDENTIFIER = abc.JavaScripetext;
				PRODUCT_NAME = "$(TARGET_NAME)";
			};
			name = Debug;
		};
		B20C0BCE1CC7469E0072762C /* Release */ = {
			isa = XCBuildConfiguration;
			buildSettings = {
				ASSETCATALOG_COMPILER_APPICON_NAME = AppIcon;
				INFOPLIST_FILE = JavaScripetext/Info.plist;
				LD_RUNPATH_SEARCH_PATHS = "$(inherited) @executable_path/Frameworks";
				PRODUCT_BUNDLE_IDENTIFIER = abc.JavaScripetext;
				PRODUCT_NAME = "$(TARGET_NAME)";
			};
			name = Release;
		};
		B20C0BD01CC7469E0072762C /* Debug */ = {
			isa = XCBuildConfiguration;
			buildSettings = {
				INFOPLIST_FILE = JavaScripetextUITests/Info.plist;
				LD_RUNPATH_SEARCH_PATHS = "$(inherited) @executable_path/Frameworks @loader_path/Frameworks";
				PRODUCT_BUNDLE_IDENTIFIER = abc.JavaScripetextUITests;
				PRODUCT_NAME = "$(TARGET_NAME)";
				TEST_TARGET_NAME = JavaScripetext;
				USES_XCTRUNNER = YES;
			};
			name = Debug;
		};
		B20C0BD11CC7469E0072762C /* Release */ = {
			isa = XCBuildConfiguration;
			buildSettings = {
				INFOPLIST_FILE = JavaScripetextUITests/Info.plist;
				LD_RUNPATH_SEARCH_PATHS = "$(inherited) @executable_path/Frameworks @loader_path/Frameworks";
				PRODUCT_BUNDLE_IDENTIFIER = abc.JavaScripetextUITests;
				PRODUCT_NAME = "$(TARGET_NAME)";
				TEST_TARGET_NAME = JavaScripetext;
				USES_XCTRUNNER = YES;
			};
			name = Release;
		};
/* End XCBuildConfiguration section */

/* Begin XCConfigurationList section */
		B20C0BA51CC7469E0072762C /* Build configuration list for PBXProject "JavaScripetext" */ = {
			isa = XCConfigurationList;
			buildConfigurations = (
				B20C0BCA1CC7469E0072762C /* Debug */,
				B20C0BCB1CC7469E0072762C /* Release */,
			);
			defaultConfigurationIsVisible = 0;
			defaultConfigurationName = Release;
		};
		B20C0BCC1CC7469E0072762C /* Build configuration list for PBXNativeTarget "JavaScripetext" */ = {
			isa = XCConfigurationList;
			buildConfigurations = (
				B20C0BCD1CC7469E0072762C /* Debug */,
				B20C0BCE1CC7469E0072762C /* Release */,
			);
			defaultConfigurationIsVisible = 0;
			defaultConfigurationName = Release;
		};
		B20C0BCF1CC7469E0072762C /* Build configuration list for PBXNativeTarget "JavaScripetextUITests" */ = {
			isa = XCConfigurationList;
			buildConfigurations = (
				B20C0BD01CC7469E0072762C /* Debug */,
				B20C0BD11CC7469E0072762C /* Release */,
			);
			defaultConfigurationIsVisible = 0;
			defaultConfigurationName = Release;
		};
/* End XCConfigurationList section */
	};
	rootObject = B20C0BA21CC7469E0072762C /* Project object */;
}
